
Microsoft Visual Studio Solution File, Format Version 12.00
# Visual Studio 14
VisualStudioVersion = 14.0.24720.0
MinimumVisualStudioVersion = 10.0.40219.1
Project("{FAE04EC0-301F-11D3-BF4B-00C04F79EFBC}") = "AdvancedPrograming2", "AdvancedPrograming2\AdvancedPrograming2.csproj", "{F4F8A1A8-089D-4BBF-82EE-2DFAAEFEC474}"
EndProject
Project("{FAE04EC0-301F-11D3-BF4B-00C04F79EFBC}") = "SearchAlgorithmsLib", "SearchAlgorithmsLib\SearchAlgorithmsLib.csproj", "{C112EC2B-36BB-4365-927B-8B8F65C8639E}"
EndProject
Global
	GlobalSection(SolutionConfigurationPlatforms) = preSolution
		Debug|Any CPU = Debug|Any CPU
		Release|Any CPU = Release|Any CPU
	EndGlobalSection
	GlobalSection(ProjectConfigurationPlatforms) = postSolution
		{F4F8A1A8-089D-4BBF-82EE-2DFAAEFEC474}.Debug|Any CPU.ActiveCfg = Debug|Any CPU
		{F4F8A1A8-089D-4BBF-82EE-2DFAAEFEC474}.Debug|Any CPU.Build.0 = Debug|Any CPU
		{F4F8A1A8-089D-4BBF-82EE-2DFAAEFEC474}.Release|Any CPU.ActiveCfg = Release|Any CPU
		{F4F8A1A8-089D-4BBF-82EE-2DFAAEFEC474}.Release|Any CPU.Build.0 = Release|Any CPU
		{C112EC2B-36BB-4365-927B-8B8F65C8639E}.Debug|Any CPU.ActiveCfg = Debug|Any CPU
		{C112EC2B-36BB-4365-927B-8B8F65C8639E}.Debug|Any CPU.Build.0 = Debug|Any CPU
		{C112EC2B-36BB-4365-927B-8B8F65C8639E}.Release|Any CPU.ActiveCfg = Release|Any CPU
		{C112EC2B-36BB-4365-927B-8B8F65C8639E}.Release|Any CPU.Build.0 = Release|Any CPU
	EndGlobalSection
	GlobalSection(SolutionProperties) = preSolution
		HideSolutionNode = FALSE
	EndGlobalSection
EndGlobal
